
Microsoft Visual Studio Solution File, Format Version 12.00
# Visual Studio Version 17
VisualStudioVersion = 17.0.31903.59
MinimumVisualStudioVersion = 10.0.40219.1
Project("{FAE04EC0-301F-11D3-BF4B-00C04F79EFBC}") = "TemplateProject.Constants", "TemplateProject.Constants\TemplateProject.Constants.csproj", "{29F4E539-05EE-485F-AF67-7A2E0E7B71F4}"
EndProject
Project("{FAE04EC0-301F-11D3-BF4B-00C04F79EFBC}") = "TemplateProject.WebApi", "TemplateProject.WebApi\TemplateProject.WebApi.csproj", "{C04AF9E0-D887-44A1-A353-FC06D2F82CAB}"
EndProject
Project("{FAE04EC0-301F-11D3-BF4B-00C04F79EFBC}") = "TemplateProject.Entities", "TemplateProject.Entities\TemplateProject.Entities.csproj", "{42E1B196-0806-4834-B939-0004FA171325}"
EndProject
Project("{FAE04EC0-301F-11D3-BF4B-00C04F79EFBC}") = "TemplateProject.Database", "TemplateProject.Database\TemplateProject.Database.csproj", "{797B6830-1B82-4EC3-8B84-495361957237}"
EndProject
Project("{FAE04EC0-301F-11D3-BF4B-00C04F79EFBC}") = "TemplateProject.Infrastructure", "TemplateProject.Infrastructure\TemplateProject.Infrastructure.csproj", "{807E8887-A9BE-442E-8BF2-5B207BE5B5FE}"
EndProject
Project("{FAE04EC0-301F-11D3-BF4B-00C04F79EFBC}") = "TemplateProject.WebApi.React", "TemplateProject.WebApi.React\TemplateProject.WebApi.React.csproj", "{AAA09396-54E1-4F00-9053-09616160C4DB}"
EndProject
Project("{FAE04EC0-301F-11D3-BF4B-00C04F79EFBC}") = "TemplateProject.WebApi.Htmx", "TemplateProject.WebApi.Htmx\TemplateProject.WebApi.Htmx.csproj", "{75100D9C-3D08-4246-AF52-FC4BF2714358}"
EndProject
Project("{FAE04EC0-301F-11D3-BF4B-00C04F79EFBC}") = "TemplateProject.Tests", "TemplateProject.Tests\TemplateProject.Tests.csproj", "{D4AFAD0C-3D62-4D40-9797-972412C9345F}"
EndProject
Global
	GlobalSection(SolutionConfigurationPlatforms) = preSolution
		Debug|Any CPU = Debug|Any CPU
		Release|Any CPU = Release|Any CPU
	EndGlobalSection
	GlobalSection(SolutionProperties) = preSolution
		HideSolutionNode = FALSE
	EndGlobalSection
	GlobalSection(ProjectConfigurationPlatforms) = postSolution
		{29F4E539-05EE-485F-AF67-7A2E0E7B71F4}.Debug|Any CPU.ActiveCfg = Debug|Any CPU
		{29F4E539-05EE-485F-AF67-7A2E0E7B71F4}.Debug|Any CPU.Build.0 = Debug|Any CPU
		{29F4E539-05EE-485F-AF67-7A2E0E7B71F4}.Release|Any CPU.ActiveCfg = Release|Any CPU
		{29F4E539-05EE-485F-AF67-7A2E0E7B71F4}.Release|Any CPU.Build.0 = Release|Any CPU
		{C04AF9E0-D887-44A1-A353-FC06D2F82CAB}.Debug|Any CPU.ActiveCfg = Debug|Any CPU
		{C04AF9E0-D887-44A1-A353-FC06D2F82CAB}.Debug|Any CPU.Build.0 = Debug|Any CPU
		{C04AF9E0-D887-44A1-A353-FC06D2F82CAB}.Release|Any CPU.ActiveCfg = Release|Any CPU
		{C04AF9E0-D887-44A1-A353-FC06D2F82CAB}.Release|Any CPU.Build.0 = Release|Any CPU
		{42E1B196-0806-4834-B939-0004FA171325}.Debug|Any CPU.ActiveCfg = Debug|Any CPU
		{42E1B196-0806-4834-B939-0004FA171325}.Debug|Any CPU.Build.0 = Debug|Any CPU
		{42E1B196-0806-4834-B939-0004FA171325}.Release|Any CPU.ActiveCfg = Release|Any CPU
		{42E1B196-0806-4834-B939-0004FA171325}.Release|Any CPU.Build.0 = Release|Any CPU
		{797B6830-1B82-4EC3-8B84-495361957237}.Debug|Any CPU.ActiveCfg = Debug|Any CPU
		{797B6830-1B82-4EC3-8B84-495361957237}.Debug|Any CPU.Build.0 = Debug|Any CPU
		{797B6830-1B82-4EC3-8B84-495361957237}.Release|Any CPU.ActiveCfg = Release|Any CPU
		{797B6830-1B82-4EC3-8B84-495361957237}.Release|Any CPU.Build.0 = Release|Any CPU
		{807E8887-A9BE-442E-8BF2-5B207BE5B5FE}.Debug|Any CPU.ActiveCfg = Debug|Any CPU
		{807E8887-A9BE-442E-8BF2-5B207BE5B5FE}.Debug|Any CPU.Build.0 = Debug|Any CPU
		{807E8887-A9BE-442E-8BF2-5B207BE5B5FE}.Release|Any CPU.ActiveCfg = Release|Any CPU
		{807E8887-A9BE-442E-8BF2-5B207BE5B5FE}.Release|Any CPU.Build.0 = Release|Any CPU
		{AAA09396-54E1-4F00-9053-09616160C4DB}.Debug|Any CPU.ActiveCfg = Debug|Any CPU
		{AAA09396-54E1-4F00-9053-09616160C4DB}.Debug|Any CPU.Build.0 = Debug|Any CPU
		{AAA09396-54E1-4F00-9053-09616160C4DB}.Release|Any CPU.ActiveCfg = Release|Any CPU
		{AAA09396-54E1-4F00-9053-09616160C4DB}.Release|Any CPU.Build.0 = Release|Any CPU
		{75100D9C-3D08-4246-AF52-FC4BF2714358}.Debug|Any CPU.ActiveCfg = Debug|Any CPU
		{75100D9C-3D08-4246-AF52-FC4BF2714358}.Debug|Any CPU.Build.0 = Debug|Any CPU
		{75100D9C-3D08-4246-AF52-FC4BF2714358}.Release|Any CPU.ActiveCfg = Release|Any CPU
		{75100D9C-3D08-4246-AF52-FC4BF2714358}.Release|Any CPU.Build.0 = Release|Any CPU
		{D4AFAD0C-3D62-4D40-9797-972412C9345F}.Debug|Any CPU.ActiveCfg = Debug|Any CPU
		{D4AFAD0C-3D62-4D40-9797-972412C9345F}.Debug|Any CPU.Build.0 = Debug|Any CPU
		{D4AFAD0C-3D62-4D40-9797-972412C9345F}.Release|Any CPU.ActiveCfg = Release|Any CPU
		{D4AFAD0C-3D62-4D40-9797-972412C9345F}.Release|Any CPU.Build.0 = Release|Any CPU
	EndGlobalSection
EndGlobal
